
Microsoft Visual Studio Solution File, Format Version 10.00
# Visual Studio 2008
Project("{FAE04EC0-301F-11D3-BF4B-00C04F79EFBC}") = "DersDemo_JS_Diziler2", "DersDemo_JS_Diziler2\DersDemo_JS_Diziler2.csproj", "{FED74624-7DA2-471E-B792-F6010E5638E0}"
EndProject
Global
	GlobalSection(SolutionConfigurationPlatforms) = preSolution
		Debug|Any CPU = Debug|Any CPU
		Release|Any CPU = Release|Any CPU
	EndGlobalSection
	GlobalSection(ProjectConfigurationPlatforms) = postSolution
		{FED74624-7DA2-471E-B792-F6010E5638E0}.Debug|Any CPU.ActiveCfg = Debug|Any CPU
		{FED74624-7DA2-471E-B792-F6010E5638E0}.Debug|Any CPU.Build.0 = Debug|Any CPU
		{FED74624-7DA2-471E-B792-F6010E5638E0}.Release|Any CPU.ActiveCfg = Release|Any CPU
		{FED74624-7DA2-471E-B792-F6010E5638E0}.Release|Any CPU.Build.0 = Release|Any CPU
	EndGlobalSection
	GlobalSection(SolutionProperties) = preSolution
		HideSolutionNode = FALSE
	EndGlobalSection
EndGlobal
