
Microsoft Visual Studio Solution File, Format Version 10.00
# Visual Studio 2008
Project("{FAE04EC0-301F-11D3-BF4B-00C04F79EFBC}") = "DersDemo_JS_First", "DersDemo_JS_First\DersDemo_JS_First.csproj", "{CF28E291-BCE9-45D0-8009-E08C50414FD6}"
EndProject
Global
	GlobalSection(SolutionConfigurationPlatforms) = preSolution
		Debug|Any CPU = Debug|Any CPU
		Release|Any CPU = Release|Any CPU
	EndGlobalSection
	GlobalSection(ProjectConfigurationPlatforms) = postSolution
		{CF28E291-BCE9-45D0-8009-E08C50414FD6}.Debug|Any CPU.ActiveCfg = Debug|Any CPU
		{CF28E291-BCE9-45D0-8009-E08C50414FD6}.Debug|Any CPU.Build.0 = Debug|Any CPU
		{CF28E291-BCE9-45D0-8009-E08C50414FD6}.Release|Any CPU.ActiveCfg = Release|Any CPU
		{CF28E291-BCE9-45D0-8009-E08C50414FD6}.Release|Any CPU.Build.0 = Release|Any CPU
	EndGlobalSection
	GlobalSection(SolutionProperties) = preSolution
		HideSolutionNode = FALSE
	EndGlobalSection
EndGlobal
